// !$*UTF8*$!
{
	archiveVersion = 1;
	classes = {
	};
	objectVersion = 46;
	objects = {

/* Begin PBXBuildFile section */
		1838538B1C5E05E700FAF711 /* main.m in Sources */ = {isa = PBXBuildFile; fileRef = 1838538A1C5E05E700FAF711 /* main.m */; };
		1838538E1C5E05E700FAF711 /* AppDelegate.m in Sources */ = {isa = PBXBuildFile; fileRef = 1838538D1C5E05E700FAF711 /* AppDelegate.m */; };
		183853911C5E05E700FAF711 /* ViewController.m in Sources */ = {isa = PBXBuildFile; fileRef = 183853901C5E05E700FAF711 /* ViewController.m */; };
		183853941C5E05E700FAF711 /* Main.storyboard in Resources */ = {isa = PBXBuildFile; fileRef = 183853921C5E05E700FAF711 /* Main.storyboard */; };
		183853961C5E05E700FAF711 /* Assets.xcassets in Resources */ = {isa = PBXBuildFile; fileRef = 183853951C5E05E700FAF711 /* Assets.xcassets */; };
		183853991C5E05E700FAF711 /* LaunchScreen.storyboard in Resources */ = {isa = PBXBuildFile; fileRef = 183853971C5E05E700FAF711 /* LaunchScreen.storyboard */; };
/* End PBXBuildFile section */

/* Begin PBXFileReference section */
		183853861C5E05E700FAF711 /* TestTimerDemo.app */ = {isa = PBXFileReference; explicitFileType = wrapper.application; includeInIndex = 0; path = TestTimerDemo.app; sourceTree = BUILT_PRODUCTS_DIR; };
		1838538A1C5E05E700FAF711 /* main.m */ = {isa = PBXFileReference; lastKnownFileType = sourcecode.c.objc; path = main.m; sourceTree = "<group>"; };
		1838538C1C5E05E700FAF711 /* AppDelegate.h */ = {isa = PBXFileReference; lastKnownFileType = sourcecode.c.h; path = AppDelegate.h; sourceTree = "<group>"; };
		1838538D1C5E05E700FAF711 /* AppDelegate.m */ = {isa = PBXFileReference; lastKnownFileType = sourcecode.c.objc; path = AppDelegate.m; sourceTree = "<group>"; };
		1838538F1C5E05E700FAF711 /* ViewController.h */ = {isa = PBXFileReference; lastKnownFileType = sourcecode.c.h; path = ViewController.h; sourceTree = "<group>"; };
		183853901C5E05E700FAF711 /* ViewController.m */ = {isa = PBXFileReference; lastKnownFileType = sourcecode.c.objc; path = ViewController.m; sourceTree = "<group>"; };
		183853931C5E05E700FAF711 /* Base */ = {isa = PBXFileReference; lastKnownFileType = file.storyboard; name = Base; path = Base.lproj/Main.storyboard; sourceTree = "<group>"; };
		183853951C5E05E700FAF711 /* Assets.xcassets */ = {isa = PBXFileReference; lastKnownFileType = folder.assetcatalog; path = Assets.xcassets; sourceTree = "<group>"; };
		183853981C5E05E700FAF711 /* Base */ = {isa = PBXFileReference; lastKnownFileType = file.storyboard; name = Base; path = Base.lproj/LaunchScreen.storyboard; sourceTree = "<group>"; };
		1838539A1C5E05E700FAF711 /* Info.plist */ = {isa = PBXFileReference; lastKnownFileType = text.plist.xml; path = Info.plist; sourceTree = "<group>"; };
/* End PBXFileReference section */

/* Begin PBXFrameworksBuildPhase section */
		183853831C5E05E700FAF711 /* Frameworks */ = {
			isa = PBXFrameworksBuildPhase;
			buildActionMask = 2147483647;
			files = (
			);
			runOnlyForDeploymentPostprocessing = 0;
		};
/* End PBXFrameworksBuildPhase section */

/* Begin PBXGroup section */
		1838537D1C5E05E700FAF711 = {
			isa = PBXGroup;
			children = (
				183853881C5E05E700FAF711 /* TestTimerDemo */,
				183853871C5E05E700FAF711 /* Products */,
			);
			sourceTree = "<group>";
		};
		183853871C5E05E700FAF711 /* Products */ = {
			isa = PBXGroup;
			children = (
				183853861C5E05E700FAF711 /* TestTimerDemo.app */,
			);
			name = Products;
			sourceTree = "<group>";
		};
		183853881C5E05E700FAF711 /* TestTimerDemo */ = {
			isa = PBXGroup;
			children = (
				1838538C1C5E05E700FAF711 /* AppDelegate.h */,
				1838538D1C5E05E700FAF711 /* AppDelegate.m */,
				1838538F1C5E05E700FAF711 /* ViewController.h */,
				183853901C5E05E700FAF711 /* ViewController.m */,
				183853921C5E05E700FAF711 /* Main.storyboard */,
				183853951C5E05E700FAF711 /* Assets.xcassets */,
				183853971C5E05E700FAF711 /* LaunchScreen.storyboard */,
				1838539A1C5E05E700FAF711 /* Info.plist */,
				183853891C5E05E700FAF711 /* Supporting Files */,
			);
			path = TestTimerDemo;
			sourceTree = "<group>";
		};
		183853891C5E05E700FAF711 /* Supporting Files */ = {
			isa = PBXGroup;
			children = (
				1838538A1C5E05E700FAF711 /* main.m */,
			);
			name = "Supporting Files";
			sourceTree = "<group>";
		};
/* End PBXGroup section */

/* Begin PBXNativeTarget section */
		183853851C5E05E700FAF711 /* TestTimerDemo */ = {
			isa = PBXNativeTarget;
			buildConfigurationList = 1838539D1C5E05E700FAF711 /* Build configuration list for PBXNativeTarget "TestTimerDemo" */;
			buildPhases = (
				183853821C5E05E700FAF711 /* Sources */,
				183853831C5E05E700FAF711 /* Frameworks */,
				183853841C5E05E700FAF711 /* Resources */,
			);
			buildRules = (
			);
			dependencies = (
			);
			name = TestTimerDemo;
			productName = TestTimerDemo;
			productReference = 183853861C5E05E700FAF711 /* TestTimerDemo.app */;
			productType = "com.apple.product-type.application";
		};
/* End PBXNativeTarget section */

/* Begin PBXProject section */
		1838537E1C5E05E700FAF711 /* Project object */ = {
			isa = PBXProject;
			attributes = {
				LastUpgradeCheck = 0720;
				ORGANIZATIONNAME = wyl;
				TargetAttributes = {
					183853851C5E05E700FAF711 = {
						CreatedOnToolsVersion = 7.2;
					};
				};
			};
			buildConfigurationList = 183853811C5E05E700FAF711 /* Build configuration list for PBXProject "TestTimerDemo" */;
			compatibilityVersion = "Xcode 3.2";
			developmentRegion = English;
			hasScannedForEncodings = 0;
			knownRegions = (
				en,
				Base,
			);
			mainGroup = 1838537D1C5E05E700FAF711;
			productRefGroup = 183853871C5E05E700FAF711 /* Products */;
			projectDirPath = "";
			projectRoot = "";
			targets = (
				183853851C5E05E700FAF711 /* TestTimerDemo */,
			);
		};
/* End PBXProject section */

/* Begin PBXResourcesBuildPhase section */
		183853841C5E05E700FAF711 /* Resources */ = {
			isa = PBXResourcesBuildPhase;
			buildActionMask = 2147483647;
			files = (
				183853991C5E05E700FAF711 /* LaunchScreen.storyboard in Resources */,
				183853961C5E05E700FAF711 /* Assets.xcassets in Resources */,
				183853941C5E05E700FAF711 /* Main.storyboard in Resources */,
			);
			runOnlyForDeploymentPostprocessing = 0;
		};
/* End PBXResourcesBuildPhase section */

/* Begin PBXSourcesBuildPhase section */
		183853821C5E05E700FAF711 /* Sources */ = {
			isa = PBXSourcesBuildPhase;
			buildActionMask = 2147483647;
			files = (
				183853911C5E05E700FAF711 /* ViewController.m in Sources */,
				1838538E1C5E05E700FAF711 /* AppDelegate.m in Sources */,
				1838538B1C5E05E700FAF711 /* main.m in Sources */,
			);
			runOnlyForDeploymentPostprocessing = 0;
		};
/* End PBXSourcesBuildPhase section */

/* Begin PBXVariantGroup section */
		183853921C5E05E700FAF711 /* Main.storyboard */ = {
			isa = PBXVariantGroup;
			children = (
				183853931C5E05E700FAF711 /* Base */,
			);
			name = Main.storyboard;
			sourceTree = "<group>";
		};
		183853971C5E05E700FAF711 /* LaunchScreen.storyboard */ = {
			isa = PBXVariantGroup;
			children = (
				183853981C5E05E700FAF711 /* Base */,
			);
			name = LaunchScreen.storyboard;
			sourceTree = "<group>";
		};
/* End PBXVariantGroup section */

/* Begin XCBuildConfiguration section */
		1838539B1C5E05E700FAF711 /* Debug */ = {
			isa = XCBuildConfiguration;
			buildSettings = {
				ALWAYS_SEARCH_USER_PATHS = NO;
				CLANG_CXX_LANGUAGE_STANDARD = "gnu++0x";
				CLANG_CXX_LIBRARY = "libc++";
				CLANG_ENABLE_MODULES = YES;
				CLANG_ENABLE_OBJC_ARC = YES;
				CLANG_WARN_BOOL_CONVERSION = YES;
				CLANG_WARN_CONSTANT_CONVERSION = YES;
				CLANG_WARN_DIRECT_OBJC_ISA_USAGE = YES_ERROR;
				CLANG_WARN_EMPTY_BODY = YES;
				CLANG_WARN_ENUM_CONVERSION = YES;
				CLANG_WARN_INT_CONVERSION = YES;
				CLANG_WARN_OBJC_ROOT_CLASS = YES_ERROR;
				CLANG_WARN_UNREACHABLE_CODE = YES;
				CLANG_WARN__DUPLICATE_METHOD_MATCH = YES;
				"CODE_SIGN_IDENTITY[sdk=iphoneos*]" = "iPhone Developer";
				COPY_PHASE_STRIP = NO;
				DEBUG_INFORMATION_FORMAT = dwarf;
				ENABLE_STRICT_OBJC_MSGSEND = YES;
				ENABLE_TESTABILITY = YES;
				GCC_C_LANGUAGE_STANDARD = gnu99;
				GCC_DYNAMIC_NO_PIC = NO;
				GCC_NO_COMMON_BLOCKS = YES;
				GCC_OPTIMIZATION_LEVEL = 0;
				GCC_PREPROCESSOR_DEFINITIONS = (
					"DEBUG=1",
					"$(inherited)",
				);
				GCC_WARN_64_TO_32_BIT_CONVERSION = YES;
				GCC_WARN_ABOUT_RETURN_TYPE = YES_ERROR;
				GCC_WARN_UNDECLARED_SELECTOR = YES;
				GCC_WARN_UNINITIALIZED_AUTOS = YES_AGGRESSIVE;
				GCC_WARN_UNUSED_FUNCTION = YES;
				GCC_WARN_UNUSED_VARIABLE = YES;
				IPHONEOS_DEPLOYMENT_TARGET = 9.2;
				MTL_ENABLE_DEBUG_INFO = YES;
				ONLY_ACTIVE_ARCH = YES;
				SDKROOT = iphoneos;
			};
			name = Debug;
		};
		1838539C1C5E05E700FAF711 /* Release */ = {
			isa = XCBuildConfiguration;
			buildSettings = {
				ALWAYS_SEARCH_USER_PATHS = NO;
				CLANG_CXX_LANGUAGE_STANDARD = "gnu++0x";
				CLANG_CXX_LIBRARY = "libc++";
				CLANG_ENABLE_MODULES = YES;
				CLANG_ENABLE_OBJC_ARC = YES;
				CLANG_WARN_BOOL_CONVERSION = YES;
				CLANG_WARN_CONSTANT_CONVERSION = YES;
				CLANG_WARN_DIRECT_OBJC_ISA_USAGE = YES_ERROR;
				CLANG_WARN_EMPTY_BODY = YES;
				CLANG_WARN_ENUM_CONVERSION = YES;
				CLANG_WARN_INT_CONVERSION = YES;
				CLANG_WARN_OBJC_ROOT_CLASS = YES_ERROR;
				CLANG_WARN_UNREACHABLE_CODE = YES;
				CLANG_WARN__DUPLICATE_METHOD_MATCH = YES;
				"CODE_SIGN_IDENTITY[sdk=iphoneos*]" = "iPhone Developer";
				COPY_PHASE_STRIP = NO;
				DEBUG_INFORMATION_FORMAT = "dwarf-with-dsym";
				ENABLE_NS_ASSERTIONS = NO;
				ENABLE_STRICT_OBJC_MSGSEND = YES;
				GCC_C_LANGUAGE_STANDARD = gnu99;
				GCC_NO_COMMON_BLOCKS = YES;
				GCC_WARN_64_TO_32_BIT_CONVERSION = YES;
				GCC_WARN_ABOUT_RETURN_TYPE = YES_ERROR;
				GCC_WARN_UNDECLARED_SELECTOR = YES;
				GCC_WARN_UNINITIALIZED_AUTOS = YES_AGGRESSIVE;
				GCC_WARN_UNUSED_FUNCTION = YES;
				GCC_WARN_UNUSED_VARIABLE = YES;
				IPHONEOS_DEPLOYMENT_TARGET = 9.2;
				MTL_ENABLE_DEBUG_INFO = NO;
				SDKROOT = iphoneos;
				VALIDATE_PRODUCT = YES;
			};
			name = Release;
		};
		1838539E1C5E05E700FAF711 /* Debug */ = {
			isa = XCBuildConfiguration;
			buildSettings = {
				ASSETCATALOG_COMPILER_APPICON_NAME = AppIcon;
				INFOPLIST_FILE = TestTimerDemo/Info.plist;
				LD_RUNPATH_SEARCH_PATHS = "$(inherited) @executable_path/Frameworks";
				PRODUCT_BUNDLE_IDENTIFIER = com.TestTimerDemo;
				PRODUCT_NAME = "$(TARGET_NAME)";
			};
			name = Debug;
		};
		1838539F1C5E05E700FAF711 /* Release */ = {
			isa = XCBuildConfiguration;
			buildSettings = {
				ASSETCATALOG_COMPILER_APPICON_NAME = AppIcon;
				INFOPLIST_FILE = TestTimerDemo/Info.plist;
				LD_RUNPATH_SEARCH_PATHS = "$(inherited) @executable_path/Frameworks";
				PRODUCT_BUNDLE_IDENTIFIER = com.TestTimerDemo;
				PRODUCT_NAME = "$(TARGET_NAME)";
			};
			name = Release;
		};
/* End XCBuildConfiguration section */

/* Begin XCConfigurationList section */
		183853811C5E05E700FAF711 /* Build configuration list for PBXProject "TestTimerDemo" */ = {
			isa = XCConfigurationList;
			buildConfigurations = (
				1838539B1C5E05E700FAF711 /* Debug */,
				1838539C1C5E05E700FAF711 /* Release */,
			);
			defaultConfigurationIsVisible = 0;
			defaultConfigurationName = Release;
		};
		1838539D1C5E05E700FAF711 /* Build configuration list for PBXNativeTarget "TestTimerDemo" */ = {
			isa = XCConfigurationList;
			buildConfigurations = (
				1838539E1C5E05E700FAF711 /* Debug */,
				1838539F1C5E05E700FAF711 /* Release */,
			);
			defaultConfigurationIsVisible = 0;
		};
/* End XCConfigurationList section */
	};
	rootObject = 1838537E1C5E05E700FAF711 /* Project object */;
}
