// !$*UTF8*$!
{
	archiveVersion = 1;
	classes = {
	};
	objectVersion = 46;
	objects = {

/* Begin PBXBuildFile section */
		180F455C1B94991E004BEA8A /* main.m in Sources */ = {isa = PBXBuildFile; fileRef = 180F455B1B94991E004BEA8A /* main.m */; };
		180F455F1B94991E004BEA8A /* AppDelegate.m in Sources */ = {isa = PBXBuildFile; fileRef = 180F455E1B94991E004BEA8A /* AppDelegate.m */; };
		180F45621B94991E004BEA8A /* ViewController.m in Sources */ = {isa = PBXBuildFile; fileRef = 180F45611B94991E004BEA8A /* ViewController.m */; };
		180F45651B94991E004BEA8A /* Main.storyboard in Resources */ = {isa = PBXBuildFile; fileRef = 180F45631B94991E004BEA8A /* Main.storyboard */; };
		180F45671B94991E004BEA8A /* Images.xcassets in Resources */ = {isa = PBXBuildFile; fileRef = 180F45661B94991E004BEA8A /* Images.xcassets */; };
		180F456A1B94991E004BEA8A /* LaunchScreen.xib in Resources */ = {isa = PBXBuildFile; fileRef = 180F45681B94991E004BEA8A /* LaunchScreen.xib */; };
		180F45761B94991E004BEA8A /* _____Tests.m in Sources */ = {isa = PBXBuildFile; fileRef = 180F45751B94991E004BEA8A /* _____Tests.m */; };
		180F45811B949BEC004BEA8A /* Comic.m in Sources */ = {isa = PBXBuildFile; fileRef = 180F45801B949BEC004BEA8A /* Comic.m */; };
		180F45841B949E32004BEA8A /* CNComic.m in Sources */ = {isa = PBXBuildFile; fileRef = 180F45831B949E32004BEA8A /* CNComic.m */; };
		180F45871B949E39004BEA8A /* CNChapter.m in Sources */ = {isa = PBXBuildFile; fileRef = 180F45861B949E39004BEA8A /* CNChapter.m */; };
		180F458A1B949E40004BEA8A /* CNPage.m in Sources */ = {isa = PBXBuildFile; fileRef = 180F45891B949E40004BEA8A /* CNPage.m */; };
/* End PBXBuildFile section */

/* Begin PBXContainerItemProxy section */
		180F45701B94991E004BEA8A /* PBXContainerItemProxy */ = {
			isa = PBXContainerItemProxy;
			containerPortal = 180F454E1B94991E004BEA8A /* Project object */;
			proxyType = 1;
			remoteGlobalIDString = 180F45551B94991E004BEA8A;
			remoteInfo = "数组的排序";
		};
/* End PBXContainerItemProxy section */

/* Begin PBXFileReference section */
		180F45561B94991E004BEA8A /* 数组的排序.app */ = {isa = PBXFileReference; explicitFileType = wrapper.application; includeInIndex = 0; path = "数组的排序.app"; sourceTree = BUILT_PRODUCTS_DIR; };
		180F455A1B94991E004BEA8A /* Info.plist */ = {isa = PBXFileReference; lastKnownFileType = text.plist.xml; path = Info.plist; sourceTree = "<group>"; };
		180F455B1B94991E004BEA8A /* main.m */ = {isa = PBXFileReference; lastKnownFileType = sourcecode.c.objc; path = main.m; sourceTree = "<group>"; };
		180F455D1B94991E004BEA8A /* AppDelegate.h */ = {isa = PBXFileReference; lastKnownFileType = sourcecode.c.h; path = AppDelegate.h; sourceTree = "<group>"; };
		180F455E1B94991E004BEA8A /* AppDelegate.m */ = {isa = PBXFileReference; lastKnownFileType = sourcecode.c.objc; path = AppDelegate.m; sourceTree = "<group>"; };
		180F45601B94991E004BEA8A /* ViewController.h */ = {isa = PBXFileReference; lastKnownFileType = sourcecode.c.h; path = ViewController.h; sourceTree = "<group>"; };
		180F45611B94991E004BEA8A /* ViewController.m */ = {isa = PBXFileReference; lastKnownFileType = sourcecode.c.objc; path = ViewController.m; sourceTree = "<group>"; };
		180F45641B94991E004BEA8A /* Base */ = {isa = PBXFileReference; lastKnownFileType = file.storyboard; name = Base; path = Base.lproj/Main.storyboard; sourceTree = "<group>"; };
		180F45661B94991E004BEA8A /* Images.xcassets */ = {isa = PBXFileReference; lastKnownFileType = folder.assetcatalog; path = Images.xcassets; sourceTree = "<group>"; };
		180F45691B94991E004BEA8A /* Base */ = {isa = PBXFileReference; lastKnownFileType = file.xib; name = Base; path = Base.lproj/LaunchScreen.xib; sourceTree = "<group>"; };
		180F456F1B94991E004BEA8A /* 数组的排序Tests.xctest */ = {isa = PBXFileReference; explicitFileType = wrapper.cfbundle; includeInIndex = 0; path = "数组的排序Tests.xctest"; sourceTree = BUILT_PRODUCTS_DIR; };
		180F45741B94991E004BEA8A /* Info.plist */ = {isa = PBXFileReference; lastKnownFileType = text.plist.xml; path = Info.plist; sourceTree = "<group>"; };
		180F45751B94991E004BEA8A /* _____Tests.m */ = {isa = PBXFileReference; lastKnownFileType = sourcecode.c.objc; path = "_____Tests.m"; sourceTree = "<group>"; };
		180F457F1B949BEC004BEA8A /* Comic.h */ = {isa = PBXFileReference; fileEncoding = 4; lastKnownFileType = sourcecode.c.h; path = Comic.h; sourceTree = "<group>"; };
		180F45801B949BEC004BEA8A /* Comic.m */ = {isa = PBXFileReference; fileEncoding = 4; lastKnownFileType = sourcecode.c.objc; path = Comic.m; sourceTree = "<group>"; };
		180F45821B949E32004BEA8A /* CNComic.h */ = {isa = PBXFileReference; fileEncoding = 4; lastKnownFileType = sourcecode.c.h; path = CNComic.h; sourceTree = "<group>"; };
		180F45831B949E32004BEA8A /* CNComic.m */ = {isa = PBXFileReference; fileEncoding = 4; lastKnownFileType = sourcecode.c.objc; path = CNComic.m; sourceTree = "<group>"; };
		180F45851B949E39004BEA8A /* CNChapter.h */ = {isa = PBXFileReference; fileEncoding = 4; lastKnownFileType = sourcecode.c.h; path = CNChapter.h; sourceTree = "<group>"; };
		180F45861B949E39004BEA8A /* CNChapter.m */ = {isa = PBXFileReference; fileEncoding = 4; lastKnownFileType = sourcecode.c.objc; path = CNChapter.m; sourceTree = "<group>"; };
		180F45881B949E40004BEA8A /* CNPage.h */ = {isa = PBXFileReference; fileEncoding = 4; lastKnownFileType = sourcecode.c.h; path = CNPage.h; sourceTree = "<group>"; };
		180F45891B949E40004BEA8A /* CNPage.m */ = {isa = PBXFileReference; fileEncoding = 4; lastKnownFileType = sourcecode.c.objc; path = CNPage.m; sourceTree = "<group>"; };
/* End PBXFileReference section */

/* Begin PBXFrameworksBuildPhase section */
		180F45531B94991E004BEA8A /* Frameworks */ = {
			isa = PBXFrameworksBuildPhase;
			buildActionMask = 2147483647;
			files = (
			);
			runOnlyForDeploymentPostprocessing = 0;
		};
		180F456C1B94991E004BEA8A /* Frameworks */ = {
			isa = PBXFrameworksBuildPhase;
			buildActionMask = 2147483647;
			files = (
			);
			runOnlyForDeploymentPostprocessing = 0;
		};
/* End PBXFrameworksBuildPhase section */

/* Begin PBXGroup section */
		180F454D1B94991E004BEA8A = {
			isa = PBXGroup;
			children = (
				180F457F1B949BEC004BEA8A /* Comic.h */,
				180F45801B949BEC004BEA8A /* Comic.m */,
				180F45821B949E32004BEA8A /* CNComic.h */,
				180F45831B949E32004BEA8A /* CNComic.m */,
				180F45851B949E39004BEA8A /* CNChapter.h */,
				180F45861B949E39004BEA8A /* CNChapter.m */,
				180F45881B949E40004BEA8A /* CNPage.h */,
				180F45891B949E40004BEA8A /* CNPage.m */,
				180F45581B94991E004BEA8A /* 数组的排序 */,
				180F45721B94991E004BEA8A /* 数组的排序Tests */,
				180F45571B94991E004BEA8A /* Products */,
			);
			sourceTree = "<group>";
		};
		180F45571B94991E004BEA8A /* Products */ = {
			isa = PBXGroup;
			children = (
				180F45561B94991E004BEA8A /* 数组的排序.app */,
				180F456F1B94991E004BEA8A /* 数组的排序Tests.xctest */,
			);
			name = Products;
			sourceTree = "<group>";
		};
		180F45581B94991E004BEA8A /* 数组的排序 */ = {
			isa = PBXGroup;
			children = (
				180F455D1B94991E004BEA8A /* AppDelegate.h */,
				180F455E1B94991E004BEA8A /* AppDelegate.m */,
				180F45601B94991E004BEA8A /* ViewController.h */,
				180F45611B94991E004BEA8A /* ViewController.m */,
				180F45631B94991E004BEA8A /* Main.storyboard */,
				180F45661B94991E004BEA8A /* Images.xcassets */,
				180F45681B94991E004BEA8A /* LaunchScreen.xib */,
				180F45591B94991E004BEA8A /* Supporting Files */,
			);
			path = "数组的排序";
			sourceTree = "<group>";
		};
		180F45591B94991E004BEA8A /* Supporting Files */ = {
			isa = PBXGroup;
			children = (
				180F455A1B94991E004BEA8A /* Info.plist */,
				180F455B1B94991E004BEA8A /* main.m */,
			);
			name = "Supporting Files";
			sourceTree = "<group>";
		};
		180F45721B94991E004BEA8A /* 数组的排序Tests */ = {
			isa = PBXGroup;
			children = (
				180F45751B94991E004BEA8A /* _____Tests.m */,
				180F45731B94991E004BEA8A /* Supporting Files */,
			);
			path = "数组的排序Tests";
			sourceTree = "<group>";
		};
		180F45731B94991E004BEA8A /* Supporting Files */ = {
			isa = PBXGroup;
			children = (
				180F45741B94991E004BEA8A /* Info.plist */,
			);
			name = "Supporting Files";
			sourceTree = "<group>";
		};
/* End PBXGroup section */

/* Begin PBXNativeTarget section */
		180F45551B94991E004BEA8A /* 数组的排序 */ = {
			isa = PBXNativeTarget;
			buildConfigurationList = 180F45791B94991E004BEA8A /* Build configuration list for PBXNativeTarget "数组的排序" */;
			buildPhases = (
				180F45521B94991E004BEA8A /* Sources */,
				180F45531B94991E004BEA8A /* Frameworks */,
				180F45541B94991E004BEA8A /* Resources */,
			);
			buildRules = (
			);
			dependencies = (
			);
			name = "数组的排序";
			productName = "数组的排序";
			productReference = 180F45561B94991E004BEA8A /* 数组的排序.app */;
			productType = "com.apple.product-type.application";
		};
		180F456E1B94991E004BEA8A /* 数组的排序Tests */ = {
			isa = PBXNativeTarget;
			buildConfigurationList = 180F457C1B94991E004BEA8A /* Build configuration list for PBXNativeTarget "数组的排序Tests" */;
			buildPhases = (
				180F456B1B94991E004BEA8A /* Sources */,
				180F456C1B94991E004BEA8A /* Frameworks */,
				180F456D1B94991E004BEA8A /* Resources */,
			);
			buildRules = (
			);
			dependencies = (
				180F45711B94991E004BEA8A /* PBXTargetDependency */,
			);
			name = "数组的排序Tests";
			productName = "数组的排序Tests";
			productReference = 180F456F1B94991E004BEA8A /* 数组的排序Tests.xctest */;
			productType = "com.apple.product-type.bundle.unit-test";
		};
/* End PBXNativeTarget section */

/* Begin PBXProject section */
		180F454E1B94991E004BEA8A /* Project object */ = {
			isa = PBXProject;
			attributes = {
				LastUpgradeCheck = 0640;
				ORGANIZATIONNAME = wyl;
				TargetAttributes = {
					180F45551B94991E004BEA8A = {
						CreatedOnToolsVersion = 6.4;
					};
					180F456E1B94991E004BEA8A = {
						CreatedOnToolsVersion = 6.4;
						TestTargetID = 180F45551B94991E004BEA8A;
					};
				};
			};
			buildConfigurationList = 180F45511B94991E004BEA8A /* Build configuration list for PBXProject "数组的排序" */;
			compatibilityVersion = "Xcode 3.2";
			developmentRegion = English;
			hasScannedForEncodings = 0;
			knownRegions = (
				en,
				Base,
			);
			mainGroup = 180F454D1B94991E004BEA8A;
			productRefGroup = 180F45571B94991E004BEA8A /* Products */;
			projectDirPath = "";
			projectRoot = "";
			targets = (
				180F45551B94991E004BEA8A /* 数组的排序 */,
				180F456E1B94991E004BEA8A /* 数组的排序Tests */,
			);
		};
/* End PBXProject section */

/* Begin PBXResourcesBuildPhase section */
		180F45541B94991E004BEA8A /* Resources */ = {
			isa = PBXResourcesBuildPhase;
			buildActionMask = 2147483647;
			files = (
				180F45651B94991E004BEA8A /* Main.storyboard in Resources */,
				180F456A1B94991E004BEA8A /* LaunchScreen.xib in Resources */,
				180F45671B94991E004BEA8A /* Images.xcassets in Resources */,
			);
			runOnlyForDeploymentPostprocessing = 0;
		};
		180F456D1B94991E004BEA8A /* Resources */ = {
			isa = PBXResourcesBuildPhase;
			buildActionMask = 2147483647;
			files = (
			);
			runOnlyForDeploymentPostprocessing = 0;
		};
/* End PBXResourcesBuildPhase section */

/* Begin PBXSourcesBuildPhase section */
		180F45521B94991E004BEA8A /* Sources */ = {
			isa = PBXSourcesBuildPhase;
			buildActionMask = 2147483647;
			files = (
				180F45871B949E39004BEA8A /* CNChapter.m in Sources */,
				180F45621B94991E004BEA8A /* ViewController.m in Sources */,
				180F45811B949BEC004BEA8A /* Comic.m in Sources */,
				180F455F1B94991E004BEA8A /* AppDelegate.m in Sources */,
				180F455C1B94991E004BEA8A /* main.m in Sources */,
				180F458A1B949E40004BEA8A /* CNPage.m in Sources */,
				180F45841B949E32004BEA8A /* CNComic.m in Sources */,
			);
			runOnlyForDeploymentPostprocessing = 0;
		};
		180F456B1B94991E004BEA8A /* Sources */ = {
			isa = PBXSourcesBuildPhase;
			buildActionMask = 2147483647;
			files = (
				180F45761B94991E004BEA8A /* _____Tests.m in Sources */,
			);
			runOnlyForDeploymentPostprocessing = 0;
		};
/* End PBXSourcesBuildPhase section */

/* Begin PBXTargetDependency section */
		180F45711B94991E004BEA8A /* PBXTargetDependency */ = {
			isa = PBXTargetDependency;
			target = 180F45551B94991E004BEA8A /* 数组的排序 */;
			targetProxy = 180F45701B94991E004BEA8A /* PBXContainerItemProxy */;
		};
/* End PBXTargetDependency section */

/* Begin PBXVariantGroup section */
		180F45631B94991E004BEA8A /* Main.storyboard */ = {
			isa = PBXVariantGroup;
			children = (
				180F45641B94991E004BEA8A /* Base */,
			);
			name = Main.storyboard;
			sourceTree = "<group>";
		};
		180F45681B94991E004BEA8A /* LaunchScreen.xib */ = {
			isa = PBXVariantGroup;
			children = (
				180F45691B94991E004BEA8A /* Base */,
			);
			name = LaunchScreen.xib;
			sourceTree = "<group>";
		};
/* End PBXVariantGroup section */

/* Begin XCBuildConfiguration section */
		180F45771B94991E004BEA8A /* Debug */ = {
			isa = XCBuildConfiguration;
			buildSettings = {
				ALWAYS_SEARCH_USER_PATHS = NO;
				CLANG_CXX_LANGUAGE_STANDARD = "gnu++0x";
				CLANG_CXX_LIBRARY = "libc++";
				CLANG_ENABLE_MODULES = YES;
				CLANG_ENABLE_OBJC_ARC = YES;
				CLANG_WARN_BOOL_CONVERSION = YES;
				CLANG_WARN_CONSTANT_CONVERSION = YES;
				CLANG_WARN_DIRECT_OBJC_ISA_USAGE = YES_ERROR;
				CLANG_WARN_EMPTY_BODY = YES;
				CLANG_WARN_ENUM_CONVERSION = YES;
				CLANG_WARN_INT_CONVERSION = YES;
				CLANG_WARN_OBJC_ROOT_CLASS = YES_ERROR;
				CLANG_WARN_UNREACHABLE_CODE = YES;
				CLANG_WARN__DUPLICATE_METHOD_MATCH = YES;
				"CODE_SIGN_IDENTITY[sdk=iphoneos*]" = "iPhone Developer";
				COPY_PHASE_STRIP = NO;
				DEBUG_INFORMATION_FORMAT = "dwarf-with-dsym";
				ENABLE_STRICT_OBJC_MSGSEND = YES;
				GCC_C_LANGUAGE_STANDARD = gnu99;
				GCC_DYNAMIC_NO_PIC = NO;
				GCC_NO_COMMON_BLOCKS = YES;
				GCC_OPTIMIZATION_LEVEL = 0;
				GCC_PREPROCESSOR_DEFINITIONS = (
					"DEBUG=1",
					"$(inherited)",
				);
				GCC_SYMBOLS_PRIVATE_EXTERN = NO;
				GCC_WARN_64_TO_32_BIT_CONVERSION = YES;
				GCC_WARN_ABOUT_RETURN_TYPE = YES_ERROR;
				GCC_WARN_UNDECLARED_SELECTOR = YES;
				GCC_WARN_UNINITIALIZED_AUTOS = YES_AGGRESSIVE;
				GCC_WARN_UNUSED_FUNCTION = YES;
				GCC_WARN_UNUSED_VARIABLE = YES;
				IPHONEOS_DEPLOYMENT_TARGET = 8.4;
				MTL_ENABLE_DEBUG_INFO = YES;
				ONLY_ACTIVE_ARCH = YES;
				SDKROOT = iphoneos;
			};
			name = Debug;
		};
		180F45781B94991E004BEA8A /* Release */ = {
			isa = XCBuildConfiguration;
			buildSettings = {
				ALWAYS_SEARCH_USER_PATHS = NO;
				CLANG_CXX_LANGUAGE_STANDARD = "gnu++0x";
				CLANG_CXX_LIBRARY = "libc++";
				CLANG_ENABLE_MODULES = YES;
				CLANG_ENABLE_OBJC_ARC = YES;
				CLANG_WARN_BOOL_CONVERSION = YES;
				CLANG_WARN_CONSTANT_CONVERSION = YES;
				CLANG_WARN_DIRECT_OBJC_ISA_USAGE = YES_ERROR;
				CLANG_WARN_EMPTY_BODY = YES;
				CLANG_WARN_ENUM_CONVERSION = YES;
				CLANG_WARN_INT_CONVERSION = YES;
				CLANG_WARN_OBJC_ROOT_CLASS = YES_ERROR;
				CLANG_WARN_UNREACHABLE_CODE = YES;
				CLANG_WARN__DUPLICATE_METHOD_MATCH = YES;
				"CODE_SIGN_IDENTITY[sdk=iphoneos*]" = "iPhone Developer";
				COPY_PHASE_STRIP = NO;
				DEBUG_INFORMATION_FORMAT = "dwarf-with-dsym";
				ENABLE_NS_ASSERTIONS = NO;
				ENABLE_STRICT_OBJC_MSGSEND = YES;
				GCC_C_LANGUAGE_STANDARD = gnu99;
				GCC_NO_COMMON_BLOCKS = YES;
				GCC_WARN_64_TO_32_BIT_CONVERSION = YES;
				GCC_WARN_ABOUT_RETURN_TYPE = YES_ERROR;
				GCC_WARN_UNDECLARED_SELECTOR = YES;
				GCC_WARN_UNINITIALIZED_AUTOS = YES_AGGRESSIVE;
				GCC_WARN_UNUSED_FUNCTION = YES;
				GCC_WARN_UNUSED_VARIABLE = YES;
				IPHONEOS_DEPLOYMENT_TARGET = 8.4;
				MTL_ENABLE_DEBUG_INFO = NO;
				SDKROOT = iphoneos;
				VALIDATE_PRODUCT = YES;
			};
			name = Release;
		};
		180F457A1B94991E004BEA8A /* Debug */ = {
			isa = XCBuildConfiguration;
			buildSettings = {
				ASSETCATALOG_COMPILER_APPICON_NAME = AppIcon;
				INFOPLIST_FILE = "数组的排序/Info.plist";
				LD_RUNPATH_SEARCH_PATHS = "$(inherited) @executable_path/Frameworks";
				PRODUCT_NAME = "$(TARGET_NAME)";
			};
			name = Debug;
		};
		180F457B1B94991E004BEA8A /* Release */ = {
			isa = XCBuildConfiguration;
			buildSettings = {
				ASSETCATALOG_COMPILER_APPICON_NAME = AppIcon;
				INFOPLIST_FILE = "数组的排序/Info.plist";
				LD_RUNPATH_SEARCH_PATHS = "$(inherited) @executable_path/Frameworks";
				PRODUCT_NAME = "$(TARGET_NAME)";
			};
			name = Release;
		};
		180F457D1B94991E004BEA8A /* Debug */ = {
			isa = XCBuildConfiguration;
			buildSettings = {
				BUNDLE_LOADER = "$(TEST_HOST)";
				FRAMEWORK_SEARCH_PATHS = (
					"$(SDKROOT)/Developer/Library/Frameworks",
					"$(inherited)",
				);
				GCC_PREPROCESSOR_DEFINITIONS = (
					"DEBUG=1",
					"$(inherited)",
				);
				INFOPLIST_FILE = "数组的排序Tests/Info.plist";
				LD_RUNPATH_SEARCH_PATHS = "$(inherited) @executable_path/Frameworks @loader_path/Frameworks";
				PRODUCT_NAME = "$(TARGET_NAME)";
				TEST_HOST = "$(BUILT_PRODUCTS_DIR)/数组的排序.app/数组的排序";
			};
			name = Debug;
		};
		180F457E1B94991E004BEA8A /* Release */ = {
			isa = XCBuildConfiguration;
			buildSettings = {
				BUNDLE_LOADER = "$(TEST_HOST)";
				FRAMEWORK_SEARCH_PATHS = (
					"$(SDKROOT)/Developer/Library/Frameworks",
					"$(inherited)",
				);
				INFOPLIST_FILE = "数组的排序Tests/Info.plist";
				LD_RUNPATH_SEARCH_PATHS = "$(inherited) @executable_path/Frameworks @loader_path/Frameworks";
				PRODUCT_NAME = "$(TARGET_NAME)";
				TEST_HOST = "$(BUILT_PRODUCTS_DIR)/数组的排序.app/数组的排序";
			};
			name = Release;
		};
/* End XCBuildConfiguration section */

/* Begin XCConfigurationList section */
		180F45511B94991E004BEA8A /* Build configuration list for PBXProject "数组的排序" */ = {
			isa = XCConfigurationList;
			buildConfigurations = (
				180F45771B94991E004BEA8A /* Debug */,
				180F45781B94991E004BEA8A /* Release */,
			);
			defaultConfigurationIsVisible = 0;
			defaultConfigurationName = Release;
		};
		180F45791B94991E004BEA8A /* Build configuration list for PBXNativeTarget "数组的排序" */ = {
			isa = XCConfigurationList;
			buildConfigurations = (
				180F457A1B94991E004BEA8A /* Debug */,
				180F457B1B94991E004BEA8A /* Release */,
			);
			defaultConfigurationIsVisible = 0;
		};
		180F457C1B94991E004BEA8A /* Build configuration list for PBXNativeTarget "数组的排序Tests" */ = {
			isa = XCConfigurationList;
			buildConfigurations = (
				180F457D1B94991E004BEA8A /* Debug */,
				180F457E1B94991E004BEA8A /* Release */,
			);
			defaultConfigurationIsVisible = 0;
		};
/* End XCConfigurationList section */
	};
	rootObject = 180F454E1B94991E004BEA8A /* Project object */;
}
