// !$*UTF8*$!
{
	archiveVersion = 1;
	classes = {
	};
	objectVersion = 46;
	objects = {

/* Begin PBXBuildFile section */
		18A4555C1E3993FA00D39618 /* main.m in Sources */ = {isa = PBXBuildFile; fileRef = 18A4555B1E3993FA00D39618 /* main.m */; };
		18A4555F1E3993FA00D39618 /* AppDelegate.m in Sources */ = {isa = PBXBuildFile; fileRef = 18A4555E1E3993FA00D39618 /* AppDelegate.m */; };
		18A455621E3993FA00D39618 /* ViewController.m in Sources */ = {isa = PBXBuildFile; fileRef = 18A455611E3993FA00D39618 /* ViewController.m */; };
		18A455651E3993FA00D39618 /* Main.storyboard in Resources */ = {isa = PBXBuildFile; fileRef = 18A455631E3993FA00D39618 /* Main.storyboard */; };
		18A455671E3993FA00D39618 /* Assets.xcassets in Resources */ = {isa = PBXBuildFile; fileRef = 18A455661E3993FA00D39618 /* Assets.xcassets */; };
		18A4556A1E3993FA00D39618 /* LaunchScreen.storyboard in Resources */ = {isa = PBXBuildFile; fileRef = 18A455681E3993FA00D39618 /* LaunchScreen.storyboard */; };
		18A455731E39965800D39618 /* ViewController+RunTime.m in Sources */ = {isa = PBXBuildFile; fileRef = 18A455721E39965800D39618 /* ViewController+RunTime.m */; };
/* End PBXBuildFile section */

/* Begin PBXFileReference section */
		18A455571E3993FA00D39618 /* RuntimeAssociated.app */ = {isa = PBXFileReference; explicitFileType = wrapper.application; includeInIndex = 0; path = RuntimeAssociated.app; sourceTree = BUILT_PRODUCTS_DIR; };
		18A4555B1E3993FA00D39618 /* main.m */ = {isa = PBXFileReference; lastKnownFileType = sourcecode.c.objc; path = main.m; sourceTree = "<group>"; };
		18A4555D1E3993FA00D39618 /* AppDelegate.h */ = {isa = PBXFileReference; lastKnownFileType = sourcecode.c.h; path = AppDelegate.h; sourceTree = "<group>"; };
		18A4555E1E3993FA00D39618 /* AppDelegate.m */ = {isa = PBXFileReference; lastKnownFileType = sourcecode.c.objc; path = AppDelegate.m; sourceTree = "<group>"; };
		18A455601E3993FA00D39618 /* ViewController.h */ = {isa = PBXFileReference; lastKnownFileType = sourcecode.c.h; path = ViewController.h; sourceTree = "<group>"; };
		18A455611E3993FA00D39618 /* ViewController.m */ = {isa = PBXFileReference; lastKnownFileType = sourcecode.c.objc; path = ViewController.m; sourceTree = "<group>"; };
		18A455641E3993FA00D39618 /* Base */ = {isa = PBXFileReference; lastKnownFileType = file.storyboard; name = Base; path = Base.lproj/Main.storyboard; sourceTree = "<group>"; };
		18A455661E3993FA00D39618 /* Assets.xcassets */ = {isa = PBXFileReference; lastKnownFileType = folder.assetcatalog; path = Assets.xcassets; sourceTree = "<group>"; };
		18A455691E3993FA00D39618 /* Base */ = {isa = PBXFileReference; lastKnownFileType = file.storyboard; name = Base; path = Base.lproj/LaunchScreen.storyboard; sourceTree = "<group>"; };
		18A4556B1E3993FA00D39618 /* Info.plist */ = {isa = PBXFileReference; lastKnownFileType = text.plist.xml; path = Info.plist; sourceTree = "<group>"; };
		18A455711E39965800D39618 /* ViewController+RunTime.h */ = {isa = PBXFileReference; fileEncoding = 4; lastKnownFileType = sourcecode.c.h; path = "ViewController+RunTime.h"; sourceTree = "<group>"; };
		18A455721E39965800D39618 /* ViewController+RunTime.m */ = {isa = PBXFileReference; fileEncoding = 4; lastKnownFileType = sourcecode.c.objc; path = "ViewController+RunTime.m"; sourceTree = "<group>"; };
/* End PBXFileReference section */

/* Begin PBXFrameworksBuildPhase section */
		18A455541E3993F900D39618 /* Frameworks */ = {
			isa = PBXFrameworksBuildPhase;
			buildActionMask = 2147483647;
			files = (
			);
			runOnlyForDeploymentPostprocessing = 0;
		};
/* End PBXFrameworksBuildPhase section */

/* Begin PBXGroup section */
		18A4554E1E3993F900D39618 = {
			isa = PBXGroup;
			children = (
				18A455591E3993FA00D39618 /* RuntimeAssociated */,
				18A455581E3993FA00D39618 /* Products */,
			);
			sourceTree = "<group>";
		};
		18A455581E3993FA00D39618 /* Products */ = {
			isa = PBXGroup;
			children = (
				18A455571E3993FA00D39618 /* RuntimeAssociated.app */,
			);
			name = Products;
			sourceTree = "<group>";
		};
		18A455591E3993FA00D39618 /* RuntimeAssociated */ = {
			isa = PBXGroup;
			children = (
				18A4555D1E3993FA00D39618 /* AppDelegate.h */,
				18A4555E1E3993FA00D39618 /* AppDelegate.m */,
				18A455601E3993FA00D39618 /* ViewController.h */,
				18A455611E3993FA00D39618 /* ViewController.m */,
				18A455711E39965800D39618 /* ViewController+RunTime.h */,
				18A455721E39965800D39618 /* ViewController+RunTime.m */,
				18A455631E3993FA00D39618 /* Main.storyboard */,
				18A455661E3993FA00D39618 /* Assets.xcassets */,
				18A455681E3993FA00D39618 /* LaunchScreen.storyboard */,
				18A4556B1E3993FA00D39618 /* Info.plist */,
				18A4555A1E3993FA00D39618 /* Supporting Files */,
			);
			path = RuntimeAssociated;
			sourceTree = "<group>";
		};
		18A4555A1E3993FA00D39618 /* Supporting Files */ = {
			isa = PBXGroup;
			children = (
				18A4555B1E3993FA00D39618 /* main.m */,
			);
			name = "Supporting Files";
			sourceTree = "<group>";
		};
/* End PBXGroup section */

/* Begin PBXNativeTarget section */
		18A455561E3993F900D39618 /* RuntimeAssociated */ = {
			isa = PBXNativeTarget;
			buildConfigurationList = 18A4556E1E3993FA00D39618 /* Build configuration list for PBXNativeTarget "RuntimeAssociated" */;
			buildPhases = (
				18A455531E3993F900D39618 /* Sources */,
				18A455541E3993F900D39618 /* Frameworks */,
				18A455551E3993F900D39618 /* Resources */,
			);
			buildRules = (
			);
			dependencies = (
			);
			name = RuntimeAssociated;
			productName = RuntimeAssociated;
			productReference = 18A455571E3993FA00D39618 /* RuntimeAssociated.app */;
			productType = "com.apple.product-type.application";
		};
/* End PBXNativeTarget section */

/* Begin PBXProject section */
		18A4554F1E3993F900D39618 /* Project object */ = {
			isa = PBXProject;
			attributes = {
				LastUpgradeCheck = 0820;
				ORGANIZATIONNAME = wyl;
				TargetAttributes = {
					18A455561E3993F900D39618 = {
						CreatedOnToolsVersion = 8.2.1;
						DevelopmentTeam = HS686A3WXM;
						ProvisioningStyle = Automatic;
					};
				};
			};
			buildConfigurationList = 18A455521E3993F900D39618 /* Build configuration list for PBXProject "RuntimeAssociated" */;
			compatibilityVersion = "Xcode 3.2";
			developmentRegion = English;
			hasScannedForEncodings = 0;
			knownRegions = (
				en,
				Base,
			);
			mainGroup = 18A4554E1E3993F900D39618;
			productRefGroup = 18A455581E3993FA00D39618 /* Products */;
			projectDirPath = "";
			projectRoot = "";
			targets = (
				18A455561E3993F900D39618 /* RuntimeAssociated */,
			);
		};
/* End PBXProject section */

/* Begin PBXResourcesBuildPhase section */
		18A455551E3993F900D39618 /* Resources */ = {
			isa = PBXResourcesBuildPhase;
			buildActionMask = 2147483647;
			files = (
				18A4556A1E3993FA00D39618 /* LaunchScreen.storyboard in Resources */,
				18A455671E3993FA00D39618 /* Assets.xcassets in Resources */,
				18A455651E3993FA00D39618 /* Main.storyboard in Resources */,
			);
			runOnlyForDeploymentPostprocessing = 0;
		};
/* End PBXResourcesBuildPhase section */

/* Begin PBXSourcesBuildPhase section */
		18A455531E3993F900D39618 /* Sources */ = {
			isa = PBXSourcesBuildPhase;
			buildActionMask = 2147483647;
			files = (
				18A455621E3993FA00D39618 /* ViewController.m in Sources */,
				18A455731E39965800D39618 /* ViewController+RunTime.m in Sources */,
				18A4555F1E3993FA00D39618 /* AppDelegate.m in Sources */,
				18A4555C1E3993FA00D39618 /* main.m in Sources */,
			);
			runOnlyForDeploymentPostprocessing = 0;
		};
/* End PBXSourcesBuildPhase section */

/* Begin PBXVariantGroup section */
		18A455631E3993FA00D39618 /* Main.storyboard */ = {
			isa = PBXVariantGroup;
			children = (
				18A455641E3993FA00D39618 /* Base */,
			);
			name = Main.storyboard;
			sourceTree = "<group>";
		};
		18A455681E3993FA00D39618 /* LaunchScreen.storyboard */ = {
			isa = PBXVariantGroup;
			children = (
				18A455691E3993FA00D39618 /* Base */,
			);
			name = LaunchScreen.storyboard;
			sourceTree = "<group>";
		};
/* End PBXVariantGroup section */

/* Begin XCBuildConfiguration section */
		18A4556C1E3993FA00D39618 /* Debug */ = {
			isa = XCBuildConfiguration;
			buildSettings = {
				ALWAYS_SEARCH_USER_PATHS = NO;
				CLANG_ANALYZER_NONNULL = YES;
				CLANG_CXX_LANGUAGE_STANDARD = "gnu++0x";
				CLANG_CXX_LIBRARY = "libc++";
				CLANG_ENABLE_MODULES = YES;
				CLANG_ENABLE_OBJC_ARC = YES;
				CLANG_WARN_BOOL_CONVERSION = YES;
				CLANG_WARN_CONSTANT_CONVERSION = YES;
				CLANG_WARN_DIRECT_OBJC_ISA_USAGE = YES_ERROR;
				CLANG_WARN_DOCUMENTATION_COMMENTS = YES;
				CLANG_WARN_EMPTY_BODY = YES;
				CLANG_WARN_ENUM_CONVERSION = YES;
				CLANG_WARN_INFINITE_RECURSION = YES;
				CLANG_WARN_INT_CONVERSION = YES;
				CLANG_WARN_OBJC_ROOT_CLASS = YES_ERROR;
				CLANG_WARN_SUSPICIOUS_MOVE = YES;
				CLANG_WARN_UNREACHABLE_CODE = YES;
				CLANG_WARN__DUPLICATE_METHOD_MATCH = YES;
				"CODE_SIGN_IDENTITY[sdk=iphoneos*]" = "iPhone Developer";
				COPY_PHASE_STRIP = NO;
				DEBUG_INFORMATION_FORMAT = dwarf;
				ENABLE_STRICT_OBJC_MSGSEND = YES;
				ENABLE_TESTABILITY = YES;
				GCC_C_LANGUAGE_STANDARD = gnu99;
				GCC_DYNAMIC_NO_PIC = NO;
				GCC_NO_COMMON_BLOCKS = YES;
				GCC_OPTIMIZATION_LEVEL = 0;
				GCC_PREPROCESSOR_DEFINITIONS = (
					"DEBUG=1",
					"$(inherited)",
				);
				GCC_WARN_64_TO_32_BIT_CONVERSION = YES;
				GCC_WARN_ABOUT_RETURN_TYPE = YES_ERROR;
				GCC_WARN_UNDECLARED_SELECTOR = YES;
				GCC_WARN_UNINITIALIZED_AUTOS = YES_AGGRESSIVE;
				GCC_WARN_UNUSED_FUNCTION = YES;
				GCC_WARN_UNUSED_VARIABLE = YES;
				IPHONEOS_DEPLOYMENT_TARGET = 10.2;
				MTL_ENABLE_DEBUG_INFO = YES;
				ONLY_ACTIVE_ARCH = YES;
				SDKROOT = iphoneos;
			};
			name = Debug;
		};
		18A4556D1E3993FA00D39618 /* Release */ = {
			isa = XCBuildConfiguration;
			buildSettings = {
				ALWAYS_SEARCH_USER_PATHS = NO;
				CLANG_ANALYZER_NONNULL = YES;
				CLANG_CXX_LANGUAGE_STANDARD = "gnu++0x";
				CLANG_CXX_LIBRARY = "libc++";
				CLANG_ENABLE_MODULES = YES;
				CLANG_ENABLE_OBJC_ARC = YES;
				CLANG_WARN_BOOL_CONVERSION = YES;
				CLANG_WARN_CONSTANT_CONVERSION = YES;
				CLANG_WARN_DIRECT_OBJC_ISA_USAGE = YES_ERROR;
				CLANG_WARN_DOCUMENTATION_COMMENTS = YES;
				CLANG_WARN_EMPTY_BODY = YES;
				CLANG_WARN_ENUM_CONVERSION = YES;
				CLANG_WARN_INFINITE_RECURSION = YES;
				CLANG_WARN_INT_CONVERSION = YES;
				CLANG_WARN_OBJC_ROOT_CLASS = YES_ERROR;
				CLANG_WARN_SUSPICIOUS_MOVE = YES;
				CLANG_WARN_UNREACHABLE_CODE = YES;
				CLANG_WARN__DUPLICATE_METHOD_MATCH = YES;
				"CODE_SIGN_IDENTITY[sdk=iphoneos*]" = "iPhone Developer";
				COPY_PHASE_STRIP = NO;
				DEBUG_INFORMATION_FORMAT = "dwarf-with-dsym";
				ENABLE_NS_ASSERTIONS = NO;
				ENABLE_STRICT_OBJC_MSGSEND = YES;
				GCC_C_LANGUAGE_STANDARD = gnu99;
				GCC_NO_COMMON_BLOCKS = YES;
				GCC_WARN_64_TO_32_BIT_CONVERSION = YES;
				GCC_WARN_ABOUT_RETURN_TYPE = YES_ERROR;
				GCC_WARN_UNDECLARED_SELECTOR = YES;
				GCC_WARN_UNINITIALIZED_AUTOS = YES_AGGRESSIVE;
				GCC_WARN_UNUSED_FUNCTION = YES;
				GCC_WARN_UNUSED_VARIABLE = YES;
				IPHONEOS_DEPLOYMENT_TARGET = 10.2;
				MTL_ENABLE_DEBUG_INFO = NO;
				SDKROOT = iphoneos;
				VALIDATE_PRODUCT = YES;
			};
			name = Release;
		};
		18A4556F1E3993FA00D39618 /* Debug */ = {
			isa = XCBuildConfiguration;
			buildSettings = {
				ASSETCATALOG_COMPILER_APPICON_NAME = AppIcon;
				DEVELOPMENT_TEAM = HS686A3WXM;
				INFOPLIST_FILE = RuntimeAssociated/Info.plist;
				LD_RUNPATH_SEARCH_PATHS = "$(inherited) @executable_path/Frameworks";
				PRODUCT_BUNDLE_IDENTIFIER = com.RuntimeAssociated;
				PRODUCT_NAME = "$(TARGET_NAME)";
			};
			name = Debug;
		};
		18A455701E3993FA00D39618 /* Release */ = {
			isa = XCBuildConfiguration;
			buildSettings = {
				ASSETCATALOG_COMPILER_APPICON_NAME = AppIcon;
				DEVELOPMENT_TEAM = HS686A3WXM;
				INFOPLIST_FILE = RuntimeAssociated/Info.plist;
				LD_RUNPATH_SEARCH_PATHS = "$(inherited) @executable_path/Frameworks";
				PRODUCT_BUNDLE_IDENTIFIER = com.RuntimeAssociated;
				PRODUCT_NAME = "$(TARGET_NAME)";
			};
			name = Release;
		};
/* End XCBuildConfiguration section */

/* Begin XCConfigurationList section */
		18A455521E3993F900D39618 /* Build configuration list for PBXProject "RuntimeAssociated" */ = {
			isa = XCConfigurationList;
			buildConfigurations = (
				18A4556C1E3993FA00D39618 /* Debug */,
				18A4556D1E3993FA00D39618 /* Release */,
			);
			defaultConfigurationIsVisible = 0;
			defaultConfigurationName = Release;
		};
		18A4556E1E3993FA00D39618 /* Build configuration list for PBXNativeTarget "RuntimeAssociated" */ = {
			isa = XCConfigurationList;
			buildConfigurations = (
				18A4556F1E3993FA00D39618 /* Debug */,
				18A455701E3993FA00D39618 /* Release */,
			);
			defaultConfigurationIsVisible = 0;
		};
/* End XCConfigurationList section */
	};
	rootObject = 18A4554F1E3993F900D39618 /* Project object */;
}
