// !$*UTF8*$!
{
	archiveVersion = 1;
	classes = {
	};
	objectVersion = 46;
	objects = {

/* Begin PBXBuildFile section */
		186047AA1D430EFF00BCDB42 /* main.m in Sources */ = {isa = PBXBuildFile; fileRef = 186047A91D430EFF00BCDB42 /* main.m */; };
		186047AD1D430EFF00BCDB42 /* AppDelegate.m in Sources */ = {isa = PBXBuildFile; fileRef = 186047AC1D430EFF00BCDB42 /* AppDelegate.m */; };
		186047B01D430EFF00BCDB42 /* ViewController.m in Sources */ = {isa = PBXBuildFile; fileRef = 186047AF1D430EFF00BCDB42 /* ViewController.m */; };
		186047B31D430EFF00BCDB42 /* Main.storyboard in Resources */ = {isa = PBXBuildFile; fileRef = 186047B11D430EFF00BCDB42 /* Main.storyboard */; };
		186047B51D430EFF00BCDB42 /* Assets.xcassets in Resources */ = {isa = PBXBuildFile; fileRef = 186047B41D430EFF00BCDB42 /* Assets.xcassets */; };
		186047B81D430EFF00BCDB42 /* LaunchScreen.storyboard in Resources */ = {isa = PBXBuildFile; fileRef = 186047B61D430EFF00BCDB42 /* LaunchScreen.storyboard */; };
		186047C01D43101600BCDB42 /* Untitled6.jpg in Resources */ = {isa = PBXBuildFile; fileRef = 186047BF1D43101600BCDB42 /* Untitled6.jpg */; };
/* End PBXBuildFile section */

/* Begin PBXFileReference section */
		186047A51D430EFF00BCDB42 /* Runloop与cell.app */ = {isa = PBXFileReference; explicitFileType = wrapper.application; includeInIndex = 0; path = "Runloop与cell.app"; sourceTree = BUILT_PRODUCTS_DIR; };
		186047A91D430EFF00BCDB42 /* main.m */ = {isa = PBXFileReference; lastKnownFileType = sourcecode.c.objc; path = main.m; sourceTree = "<group>"; };
		186047AB1D430EFF00BCDB42 /* AppDelegate.h */ = {isa = PBXFileReference; lastKnownFileType = sourcecode.c.h; path = AppDelegate.h; sourceTree = "<group>"; };
		186047AC1D430EFF00BCDB42 /* AppDelegate.m */ = {isa = PBXFileReference; lastKnownFileType = sourcecode.c.objc; path = AppDelegate.m; sourceTree = "<group>"; };
		186047AE1D430EFF00BCDB42 /* ViewController.h */ = {isa = PBXFileReference; lastKnownFileType = sourcecode.c.h; path = ViewController.h; sourceTree = "<group>"; };
		186047AF1D430EFF00BCDB42 /* ViewController.m */ = {isa = PBXFileReference; lastKnownFileType = sourcecode.c.objc; path = ViewController.m; sourceTree = "<group>"; };
		186047B21D430EFF00BCDB42 /* Base */ = {isa = PBXFileReference; lastKnownFileType = file.storyboard; name = Base; path = Base.lproj/Main.storyboard; sourceTree = "<group>"; };
		186047B41D430EFF00BCDB42 /* Assets.xcassets */ = {isa = PBXFileReference; lastKnownFileType = folder.assetcatalog; path = Assets.xcassets; sourceTree = "<group>"; };
		186047B71D430EFF00BCDB42 /* Base */ = {isa = PBXFileReference; lastKnownFileType = file.storyboard; name = Base; path = Base.lproj/LaunchScreen.storyboard; sourceTree = "<group>"; };
		186047B91D430EFF00BCDB42 /* Info.plist */ = {isa = PBXFileReference; lastKnownFileType = text.plist.xml; path = Info.plist; sourceTree = "<group>"; };
		186047BF1D43101600BCDB42 /* Untitled6.jpg */ = {isa = PBXFileReference; lastKnownFileType = image.jpeg; path = Untitled6.jpg; sourceTree = "<group>"; };
/* End PBXFileReference section */

/* Begin PBXFrameworksBuildPhase section */
		186047A21D430EFF00BCDB42 /* Frameworks */ = {
			isa = PBXFrameworksBuildPhase;
			buildActionMask = 2147483647;
			files = (
			);
			runOnlyForDeploymentPostprocessing = 0;
		};
/* End PBXFrameworksBuildPhase section */

/* Begin PBXGroup section */
		1860479C1D430EFF00BCDB42 = {
			isa = PBXGroup;
			children = (
				186047BF1D43101600BCDB42 /* Untitled6.jpg */,
				186047A71D430EFF00BCDB42 /* Runloop与cell */,
				186047A61D430EFF00BCDB42 /* Products */,
			);
			sourceTree = "<group>";
		};
		186047A61D430EFF00BCDB42 /* Products */ = {
			isa = PBXGroup;
			children = (
				186047A51D430EFF00BCDB42 /* Runloop与cell.app */,
			);
			name = Products;
			sourceTree = "<group>";
		};
		186047A71D430EFF00BCDB42 /* Runloop与cell */ = {
			isa = PBXGroup;
			children = (
				186047AB1D430EFF00BCDB42 /* AppDelegate.h */,
				186047AC1D430EFF00BCDB42 /* AppDelegate.m */,
				186047AE1D430EFF00BCDB42 /* ViewController.h */,
				186047AF1D430EFF00BCDB42 /* ViewController.m */,
				186047B11D430EFF00BCDB42 /* Main.storyboard */,
				186047B41D430EFF00BCDB42 /* Assets.xcassets */,
				186047B61D430EFF00BCDB42 /* LaunchScreen.storyboard */,
				186047B91D430EFF00BCDB42 /* Info.plist */,
				186047A81D430EFF00BCDB42 /* Supporting Files */,
			);
			path = "Runloop与cell";
			sourceTree = "<group>";
		};
		186047A81D430EFF00BCDB42 /* Supporting Files */ = {
			isa = PBXGroup;
			children = (
				186047A91D430EFF00BCDB42 /* main.m */,
			);
			name = "Supporting Files";
			sourceTree = "<group>";
		};
/* End PBXGroup section */

/* Begin PBXNativeTarget section */
		186047A41D430EFF00BCDB42 /* Runloop与cell */ = {
			isa = PBXNativeTarget;
			buildConfigurationList = 186047BC1D430EFF00BCDB42 /* Build configuration list for PBXNativeTarget "Runloop与cell" */;
			buildPhases = (
				186047A11D430EFF00BCDB42 /* Sources */,
				186047A21D430EFF00BCDB42 /* Frameworks */,
				186047A31D430EFF00BCDB42 /* Resources */,
			);
			buildRules = (
			);
			dependencies = (
			);
			name = "Runloop与cell";
			productName = "Runloop与cell";
			productReference = 186047A51D430EFF00BCDB42 /* Runloop与cell.app */;
			productType = "com.apple.product-type.application";
		};
/* End PBXNativeTarget section */

/* Begin PBXProject section */
		1860479D1D430EFF00BCDB42 /* Project object */ = {
			isa = PBXProject;
			attributes = {
				LastUpgradeCheck = 0730;
				ORGANIZATIONNAME = wyl;
				TargetAttributes = {
					186047A41D430EFF00BCDB42 = {
						CreatedOnToolsVersion = 7.3;
					};
				};
			};
			buildConfigurationList = 186047A01D430EFF00BCDB42 /* Build configuration list for PBXProject "Runloop与cell" */;
			compatibilityVersion = "Xcode 3.2";
			developmentRegion = English;
			hasScannedForEncodings = 0;
			knownRegions = (
				en,
				Base,
			);
			mainGroup = 1860479C1D430EFF00BCDB42;
			productRefGroup = 186047A61D430EFF00BCDB42 /* Products */;
			projectDirPath = "";
			projectRoot = "";
			targets = (
				186047A41D430EFF00BCDB42 /* Runloop与cell */,
			);
		};
/* End PBXProject section */

/* Begin PBXResourcesBuildPhase section */
		186047A31D430EFF00BCDB42 /* Resources */ = {
			isa = PBXResourcesBuildPhase;
			buildActionMask = 2147483647;
			files = (
				186047B81D430EFF00BCDB42 /* LaunchScreen.storyboard in Resources */,
				186047B51D430EFF00BCDB42 /* Assets.xcassets in Resources */,
				186047B31D430EFF00BCDB42 /* Main.storyboard in Resources */,
				186047C01D43101600BCDB42 /* Untitled6.jpg in Resources */,
			);
			runOnlyForDeploymentPostprocessing = 0;
		};
/* End PBXResourcesBuildPhase section */

/* Begin PBXSourcesBuildPhase section */
		186047A11D430EFF00BCDB42 /* Sources */ = {
			isa = PBXSourcesBuildPhase;
			buildActionMask = 2147483647;
			files = (
				186047B01D430EFF00BCDB42 /* ViewController.m in Sources */,
				186047AD1D430EFF00BCDB42 /* AppDelegate.m in Sources */,
				186047AA1D430EFF00BCDB42 /* main.m in Sources */,
			);
			runOnlyForDeploymentPostprocessing = 0;
		};
/* End PBXSourcesBuildPhase section */

/* Begin PBXVariantGroup section */
		186047B11D430EFF00BCDB42 /* Main.storyboard */ = {
			isa = PBXVariantGroup;
			children = (
				186047B21D430EFF00BCDB42 /* Base */,
			);
			name = Main.storyboard;
			sourceTree = "<group>";
		};
		186047B61D430EFF00BCDB42 /* LaunchScreen.storyboard */ = {
			isa = PBXVariantGroup;
			children = (
				186047B71D430EFF00BCDB42 /* Base */,
			);
			name = LaunchScreen.storyboard;
			sourceTree = "<group>";
		};
/* End PBXVariantGroup section */

/* Begin XCBuildConfiguration section */
		186047BA1D430EFF00BCDB42 /* Debug */ = {
			isa = XCBuildConfiguration;
			buildSettings = {
				ALWAYS_SEARCH_USER_PATHS = NO;
				CLANG_ANALYZER_NONNULL = YES;
				CLANG_CXX_LANGUAGE_STANDARD = "gnu++0x";
				CLANG_CXX_LIBRARY = "libc++";
				CLANG_ENABLE_MODULES = YES;
				CLANG_ENABLE_OBJC_ARC = YES;
				CLANG_WARN_BOOL_CONVERSION = YES;
				CLANG_WARN_CONSTANT_CONVERSION = YES;
				CLANG_WARN_DIRECT_OBJC_ISA_USAGE = YES_ERROR;
				CLANG_WARN_EMPTY_BODY = YES;
				CLANG_WARN_ENUM_CONVERSION = YES;
				CLANG_WARN_INT_CONVERSION = YES;
				CLANG_WARN_OBJC_ROOT_CLASS = YES_ERROR;
				CLANG_WARN_UNREACHABLE_CODE = YES;
				CLANG_WARN__DUPLICATE_METHOD_MATCH = YES;
				"CODE_SIGN_IDENTITY[sdk=iphoneos*]" = "iPhone Developer";
				COPY_PHASE_STRIP = NO;
				DEBUG_INFORMATION_FORMAT = dwarf;
				ENABLE_STRICT_OBJC_MSGSEND = YES;
				ENABLE_TESTABILITY = YES;
				GCC_C_LANGUAGE_STANDARD = gnu99;
				GCC_DYNAMIC_NO_PIC = NO;
				GCC_NO_COMMON_BLOCKS = YES;
				GCC_OPTIMIZATION_LEVEL = 0;
				GCC_PREPROCESSOR_DEFINITIONS = (
					"DEBUG=1",
					"$(inherited)",
				);
				GCC_WARN_64_TO_32_BIT_CONVERSION = YES;
				GCC_WARN_ABOUT_RETURN_TYPE = YES_ERROR;
				GCC_WARN_UNDECLARED_SELECTOR = YES;
				GCC_WARN_UNINITIALIZED_AUTOS = YES_AGGRESSIVE;
				GCC_WARN_UNUSED_FUNCTION = YES;
				GCC_WARN_UNUSED_VARIABLE = YES;
				IPHONEOS_DEPLOYMENT_TARGET = 9.3;
				MTL_ENABLE_DEBUG_INFO = YES;
				ONLY_ACTIVE_ARCH = YES;
				SDKROOT = iphoneos;
			};
			name = Debug;
		};
		186047BB1D430EFF00BCDB42 /* Release */ = {
			isa = XCBuildConfiguration;
			buildSettings = {
				ALWAYS_SEARCH_USER_PATHS = NO;
				CLANG_ANALYZER_NONNULL = YES;
				CLANG_CXX_LANGUAGE_STANDARD = "gnu++0x";
				CLANG_CXX_LIBRARY = "libc++";
				CLANG_ENABLE_MODULES = YES;
				CLANG_ENABLE_OBJC_ARC = YES;
				CLANG_WARN_BOOL_CONVERSION = YES;
				CLANG_WARN_CONSTANT_CONVERSION = YES;
				CLANG_WARN_DIRECT_OBJC_ISA_USAGE = YES_ERROR;
				CLANG_WARN_EMPTY_BODY = YES;
				CLANG_WARN_ENUM_CONVERSION = YES;
				CLANG_WARN_INT_CONVERSION = YES;
				CLANG_WARN_OBJC_ROOT_CLASS = YES_ERROR;
				CLANG_WARN_UNREACHABLE_CODE = YES;
				CLANG_WARN__DUPLICATE_METHOD_MATCH = YES;
				"CODE_SIGN_IDENTITY[sdk=iphoneos*]" = "iPhone Developer";
				COPY_PHASE_STRIP = NO;
				DEBUG_INFORMATION_FORMAT = "dwarf-with-dsym";
				ENABLE_NS_ASSERTIONS = NO;
				ENABLE_STRICT_OBJC_MSGSEND = YES;
				GCC_C_LANGUAGE_STANDARD = gnu99;
				GCC_NO_COMMON_BLOCKS = YES;
				GCC_WARN_64_TO_32_BIT_CONVERSION = YES;
				GCC_WARN_ABOUT_RETURN_TYPE = YES_ERROR;
				GCC_WARN_UNDECLARED_SELECTOR = YES;
				GCC_WARN_UNINITIALIZED_AUTOS = YES_AGGRESSIVE;
				GCC_WARN_UNUSED_FUNCTION = YES;
				GCC_WARN_UNUSED_VARIABLE = YES;
				IPHONEOS_DEPLOYMENT_TARGET = 9.3;
				MTL_ENABLE_DEBUG_INFO = NO;
				SDKROOT = iphoneos;
				VALIDATE_PRODUCT = YES;
			};
			name = Release;
		};
		186047BD1D430EFF00BCDB42 /* Debug */ = {
			isa = XCBuildConfiguration;
			buildSettings = {
				ASSETCATALOG_COMPILER_APPICON_NAME = AppIcon;
				INFOPLIST_FILE = "Runloop与cell/Info.plist";
				LD_RUNPATH_SEARCH_PATHS = "$(inherited) @executable_path/Frameworks";
				PRODUCT_BUNDLE_IDENTIFIER = "com.Runloop-cell";
				PRODUCT_NAME = "$(TARGET_NAME)";
			};
			name = Debug;
		};
		186047BE1D430EFF00BCDB42 /* Release */ = {
			isa = XCBuildConfiguration;
			buildSettings = {
				ASSETCATALOG_COMPILER_APPICON_NAME = AppIcon;
				INFOPLIST_FILE = "Runloop与cell/Info.plist";
				LD_RUNPATH_SEARCH_PATHS = "$(inherited) @executable_path/Frameworks";
				PRODUCT_BUNDLE_IDENTIFIER = "com.Runloop-cell";
				PRODUCT_NAME = "$(TARGET_NAME)";
			};
			name = Release;
		};
/* End XCBuildConfiguration section */

/* Begin XCConfigurationList section */
		186047A01D430EFF00BCDB42 /* Build configuration list for PBXProject "Runloop与cell" */ = {
			isa = XCConfigurationList;
			buildConfigurations = (
				186047BA1D430EFF00BCDB42 /* Debug */,
				186047BB1D430EFF00BCDB42 /* Release */,
			);
			defaultConfigurationIsVisible = 0;
			defaultConfigurationName = Release;
		};
		186047BC1D430EFF00BCDB42 /* Build configuration list for PBXNativeTarget "Runloop与cell" */ = {
			isa = XCConfigurationList;
			buildConfigurations = (
				186047BD1D430EFF00BCDB42 /* Debug */,
				186047BE1D430EFF00BCDB42 /* Release */,
			);
			defaultConfigurationIsVisible = 0;
		};
/* End XCConfigurationList section */
	};
	rootObject = 1860479D1D430EFF00BCDB42 /* Project object */;
}
