// !$*UTF8*$!
{
	archiveVersion = 1;
	classes = {
	};
	objectVersion = 46;
	objects = {

/* Begin PBXBuildFile section */
		182EA7101E055E900095060C /* main.m in Sources */ = {isa = PBXBuildFile; fileRef = 182EA70F1E055E900095060C /* main.m */; };
		182EA7131E055E900095060C /* AppDelegate.m in Sources */ = {isa = PBXBuildFile; fileRef = 182EA7121E055E900095060C /* AppDelegate.m */; };
		182EA7161E055E900095060C /* ViewController.m in Sources */ = {isa = PBXBuildFile; fileRef = 182EA7151E055E900095060C /* ViewController.m */; };
		182EA7191E055E900095060C /* Main.storyboard in Resources */ = {isa = PBXBuildFile; fileRef = 182EA7171E055E900095060C /* Main.storyboard */; };
		182EA71B1E055E900095060C /* Assets.xcassets in Resources */ = {isa = PBXBuildFile; fileRef = 182EA71A1E055E900095060C /* Assets.xcassets */; };
		182EA71E1E055E900095060C /* LaunchScreen.storyboard in Resources */ = {isa = PBXBuildFile; fileRef = 182EA71C1E055E900095060C /* LaunchScreen.storyboard */; };
		182EA7271E05607A0095060C /* LockObj.m in Sources */ = {isa = PBXBuildFile; fileRef = 182EA7261E05607A0095060C /* LockObj.m */; };
/* End PBXBuildFile section */

/* Begin PBXFileReference section */
		182EA70B1E055E900095060C /* LockDemo.app */ = {isa = PBXFileReference; explicitFileType = wrapper.application; includeInIndex = 0; path = LockDemo.app; sourceTree = BUILT_PRODUCTS_DIR; };
		182EA70F1E055E900095060C /* main.m */ = {isa = PBXFileReference; lastKnownFileType = sourcecode.c.objc; path = main.m; sourceTree = "<group>"; };
		182EA7111E055E900095060C /* AppDelegate.h */ = {isa = PBXFileReference; lastKnownFileType = sourcecode.c.h; path = AppDelegate.h; sourceTree = "<group>"; };
		182EA7121E055E900095060C /* AppDelegate.m */ = {isa = PBXFileReference; lastKnownFileType = sourcecode.c.objc; path = AppDelegate.m; sourceTree = "<group>"; };
		182EA7141E055E900095060C /* ViewController.h */ = {isa = PBXFileReference; lastKnownFileType = sourcecode.c.h; path = ViewController.h; sourceTree = "<group>"; };
		182EA7151E055E900095060C /* ViewController.m */ = {isa = PBXFileReference; lastKnownFileType = sourcecode.c.objc; path = ViewController.m; sourceTree = "<group>"; };
		182EA7181E055E900095060C /* Base */ = {isa = PBXFileReference; lastKnownFileType = file.storyboard; name = Base; path = Base.lproj/Main.storyboard; sourceTree = "<group>"; };
		182EA71A1E055E900095060C /* Assets.xcassets */ = {isa = PBXFileReference; lastKnownFileType = folder.assetcatalog; path = Assets.xcassets; sourceTree = "<group>"; };
		182EA71D1E055E900095060C /* Base */ = {isa = PBXFileReference; lastKnownFileType = file.storyboard; name = Base; path = Base.lproj/LaunchScreen.storyboard; sourceTree = "<group>"; };
		182EA71F1E055E900095060C /* Info.plist */ = {isa = PBXFileReference; lastKnownFileType = text.plist.xml; path = Info.plist; sourceTree = "<group>"; };
		182EA7251E05607A0095060C /* LockObj.h */ = {isa = PBXFileReference; fileEncoding = 4; lastKnownFileType = sourcecode.c.h; path = LockObj.h; sourceTree = "<group>"; };
		182EA7261E05607A0095060C /* LockObj.m */ = {isa = PBXFileReference; fileEncoding = 4; lastKnownFileType = sourcecode.c.objc; path = LockObj.m; sourceTree = "<group>"; };
/* End PBXFileReference section */

/* Begin PBXFrameworksBuildPhase section */
		182EA7081E055E900095060C /* Frameworks */ = {
			isa = PBXFrameworksBuildPhase;
			buildActionMask = 2147483647;
			files = (
			);
			runOnlyForDeploymentPostprocessing = 0;
		};
/* End PBXFrameworksBuildPhase section */

/* Begin PBXGroup section */
		182EA7021E055E900095060C = {
			isa = PBXGroup;
			children = (
				182EA70D1E055E900095060C /* LockDemo */,
				182EA70C1E055E900095060C /* Products */,
			);
			sourceTree = "<group>";
		};
		182EA70C1E055E900095060C /* Products */ = {
			isa = PBXGroup;
			children = (
				182EA70B1E055E900095060C /* LockDemo.app */,
			);
			name = Products;
			sourceTree = "<group>";
		};
		182EA70D1E055E900095060C /* LockDemo */ = {
			isa = PBXGroup;
			children = (
				182EA7111E055E900095060C /* AppDelegate.h */,
				182EA7121E055E900095060C /* AppDelegate.m */,
				182EA7141E055E900095060C /* ViewController.h */,
				182EA7151E055E900095060C /* ViewController.m */,
				182EA7251E05607A0095060C /* LockObj.h */,
				182EA7261E05607A0095060C /* LockObj.m */,
				182EA7171E055E900095060C /* Main.storyboard */,
				182EA71A1E055E900095060C /* Assets.xcassets */,
				182EA71C1E055E900095060C /* LaunchScreen.storyboard */,
				182EA71F1E055E900095060C /* Info.plist */,
				182EA70E1E055E900095060C /* Supporting Files */,
			);
			path = LockDemo;
			sourceTree = "<group>";
		};
		182EA70E1E055E900095060C /* Supporting Files */ = {
			isa = PBXGroup;
			children = (
				182EA70F1E055E900095060C /* main.m */,
			);
			name = "Supporting Files";
			sourceTree = "<group>";
		};
/* End PBXGroup section */

/* Begin PBXNativeTarget section */
		182EA70A1E055E900095060C /* LockDemo */ = {
			isa = PBXNativeTarget;
			buildConfigurationList = 182EA7221E055E900095060C /* Build configuration list for PBXNativeTarget "LockDemo" */;
			buildPhases = (
				182EA7071E055E900095060C /* Sources */,
				182EA7081E055E900095060C /* Frameworks */,
				182EA7091E055E900095060C /* Resources */,
			);
			buildRules = (
			);
			dependencies = (
			);
			name = LockDemo;
			productName = LockDemo;
			productReference = 182EA70B1E055E900095060C /* LockDemo.app */;
			productType = "com.apple.product-type.application";
		};
/* End PBXNativeTarget section */

/* Begin PBXProject section */
		182EA7031E055E900095060C /* Project object */ = {
			isa = PBXProject;
			attributes = {
				LastUpgradeCheck = 0820;
				ORGANIZATIONNAME = wyl;
				TargetAttributes = {
					182EA70A1E055E900095060C = {
						CreatedOnToolsVersion = 8.2;
						DevelopmentTeam = HS686A3WXM;
						ProvisioningStyle = Automatic;
					};
				};
			};
			buildConfigurationList = 182EA7061E055E900095060C /* Build configuration list for PBXProject "LockDemo" */;
			compatibilityVersion = "Xcode 3.2";
			developmentRegion = English;
			hasScannedForEncodings = 0;
			knownRegions = (
				en,
				Base,
			);
			mainGroup = 182EA7021E055E900095060C;
			productRefGroup = 182EA70C1E055E900095060C /* Products */;
			projectDirPath = "";
			projectRoot = "";
			targets = (
				182EA70A1E055E900095060C /* LockDemo */,
			);
		};
/* End PBXProject section */

/* Begin PBXResourcesBuildPhase section */
		182EA7091E055E900095060C /* Resources */ = {
			isa = PBXResourcesBuildPhase;
			buildActionMask = 2147483647;
			files = (
				182EA71E1E055E900095060C /* LaunchScreen.storyboard in Resources */,
				182EA71B1E055E900095060C /* Assets.xcassets in Resources */,
				182EA7191E055E900095060C /* Main.storyboard in Resources */,
			);
			runOnlyForDeploymentPostprocessing = 0;
		};
/* End PBXResourcesBuildPhase section */

/* Begin PBXSourcesBuildPhase section */
		182EA7071E055E900095060C /* Sources */ = {
			isa = PBXSourcesBuildPhase;
			buildActionMask = 2147483647;
			files = (
				182EA7271E05607A0095060C /* LockObj.m in Sources */,
				182EA7161E055E900095060C /* ViewController.m in Sources */,
				182EA7131E055E900095060C /* AppDelegate.m in Sources */,
				182EA7101E055E900095060C /* main.m in Sources */,
			);
			runOnlyForDeploymentPostprocessing = 0;
		};
/* End PBXSourcesBuildPhase section */

/* Begin PBXVariantGroup section */
		182EA7171E055E900095060C /* Main.storyboard */ = {
			isa = PBXVariantGroup;
			children = (
				182EA7181E055E900095060C /* Base */,
			);
			name = Main.storyboard;
			sourceTree = "<group>";
		};
		182EA71C1E055E900095060C /* LaunchScreen.storyboard */ = {
			isa = PBXVariantGroup;
			children = (
				182EA71D1E055E900095060C /* Base */,
			);
			name = LaunchScreen.storyboard;
			sourceTree = "<group>";
		};
/* End PBXVariantGroup section */

/* Begin XCBuildConfiguration section */
		182EA7201E055E900095060C /* Debug */ = {
			isa = XCBuildConfiguration;
			buildSettings = {
				ALWAYS_SEARCH_USER_PATHS = NO;
				CLANG_ANALYZER_NONNULL = YES;
				CLANG_CXX_LANGUAGE_STANDARD = "gnu++0x";
				CLANG_CXX_LIBRARY = "libc++";
				CLANG_ENABLE_MODULES = YES;
				CLANG_ENABLE_OBJC_ARC = YES;
				CLANG_WARN_BOOL_CONVERSION = YES;
				CLANG_WARN_CONSTANT_CONVERSION = YES;
				CLANG_WARN_DIRECT_OBJC_ISA_USAGE = YES_ERROR;
				CLANG_WARN_DOCUMENTATION_COMMENTS = YES;
				CLANG_WARN_EMPTY_BODY = YES;
				CLANG_WARN_ENUM_CONVERSION = YES;
				CLANG_WARN_INFINITE_RECURSION = YES;
				CLANG_WARN_INT_CONVERSION = YES;
				CLANG_WARN_OBJC_ROOT_CLASS = YES_ERROR;
				CLANG_WARN_SUSPICIOUS_MOVE = YES;
				CLANG_WARN_UNREACHABLE_CODE = YES;
				CLANG_WARN__DUPLICATE_METHOD_MATCH = YES;
				"CODE_SIGN_IDENTITY[sdk=iphoneos*]" = "iPhone Developer";
				COPY_PHASE_STRIP = NO;
				DEBUG_INFORMATION_FORMAT = dwarf;
				ENABLE_STRICT_OBJC_MSGSEND = YES;
				ENABLE_TESTABILITY = YES;
				GCC_C_LANGUAGE_STANDARD = gnu99;
				GCC_DYNAMIC_NO_PIC = NO;
				GCC_NO_COMMON_BLOCKS = YES;
				GCC_OPTIMIZATION_LEVEL = 0;
				GCC_PREPROCESSOR_DEFINITIONS = (
					"DEBUG=1",
					"$(inherited)",
				);
				GCC_WARN_64_TO_32_BIT_CONVERSION = YES;
				GCC_WARN_ABOUT_RETURN_TYPE = YES_ERROR;
				GCC_WARN_UNDECLARED_SELECTOR = YES;
				GCC_WARN_UNINITIALIZED_AUTOS = YES_AGGRESSIVE;
				GCC_WARN_UNUSED_FUNCTION = YES;
				GCC_WARN_UNUSED_VARIABLE = YES;
				IPHONEOS_DEPLOYMENT_TARGET = 10.2;
				MTL_ENABLE_DEBUG_INFO = YES;
				ONLY_ACTIVE_ARCH = YES;
				SDKROOT = iphoneos;
			};
			name = Debug;
		};
		182EA7211E055E900095060C /* Release */ = {
			isa = XCBuildConfiguration;
			buildSettings = {
				ALWAYS_SEARCH_USER_PATHS = NO;
				CLANG_ANALYZER_NONNULL = YES;
				CLANG_CXX_LANGUAGE_STANDARD = "gnu++0x";
				CLANG_CXX_LIBRARY = "libc++";
				CLANG_ENABLE_MODULES = YES;
				CLANG_ENABLE_OBJC_ARC = YES;
				CLANG_WARN_BOOL_CONVERSION = YES;
				CLANG_WARN_CONSTANT_CONVERSION = YES;
				CLANG_WARN_DIRECT_OBJC_ISA_USAGE = YES_ERROR;
				CLANG_WARN_DOCUMENTATION_COMMENTS = YES;
				CLANG_WARN_EMPTY_BODY = YES;
				CLANG_WARN_ENUM_CONVERSION = YES;
				CLANG_WARN_INFINITE_RECURSION = YES;
				CLANG_WARN_INT_CONVERSION = YES;
				CLANG_WARN_OBJC_ROOT_CLASS = YES_ERROR;
				CLANG_WARN_SUSPICIOUS_MOVE = YES;
				CLANG_WARN_UNREACHABLE_CODE = YES;
				CLANG_WARN__DUPLICATE_METHOD_MATCH = YES;
				"CODE_SIGN_IDENTITY[sdk=iphoneos*]" = "iPhone Developer";
				COPY_PHASE_STRIP = NO;
				DEBUG_INFORMATION_FORMAT = "dwarf-with-dsym";
				ENABLE_NS_ASSERTIONS = NO;
				ENABLE_STRICT_OBJC_MSGSEND = YES;
				GCC_C_LANGUAGE_STANDARD = gnu99;
				GCC_NO_COMMON_BLOCKS = YES;
				GCC_WARN_64_TO_32_BIT_CONVERSION = YES;
				GCC_WARN_ABOUT_RETURN_TYPE = YES_ERROR;
				GCC_WARN_UNDECLARED_SELECTOR = YES;
				GCC_WARN_UNINITIALIZED_AUTOS = YES_AGGRESSIVE;
				GCC_WARN_UNUSED_FUNCTION = YES;
				GCC_WARN_UNUSED_VARIABLE = YES;
				IPHONEOS_DEPLOYMENT_TARGET = 10.2;
				MTL_ENABLE_DEBUG_INFO = NO;
				SDKROOT = iphoneos;
				VALIDATE_PRODUCT = YES;
			};
			name = Release;
		};
		182EA7231E055E900095060C /* Debug */ = {
			isa = XCBuildConfiguration;
			buildSettings = {
				ASSETCATALOG_COMPILER_APPICON_NAME = AppIcon;
				DEVELOPMENT_TEAM = HS686A3WXM;
				INFOPLIST_FILE = LockDemo/Info.plist;
				LD_RUNPATH_SEARCH_PATHS = "$(inherited) @executable_path/Frameworks";
				PRODUCT_BUNDLE_IDENTIFIER = com.LockDemo;
				PRODUCT_NAME = "$(TARGET_NAME)";
			};
			name = Debug;
		};
		182EA7241E055E900095060C /* Release */ = {
			isa = XCBuildConfiguration;
			buildSettings = {
				ASSETCATALOG_COMPILER_APPICON_NAME = AppIcon;
				DEVELOPMENT_TEAM = HS686A3WXM;
				INFOPLIST_FILE = LockDemo/Info.plist;
				LD_RUNPATH_SEARCH_PATHS = "$(inherited) @executable_path/Frameworks";
				PRODUCT_BUNDLE_IDENTIFIER = com.LockDemo;
				PRODUCT_NAME = "$(TARGET_NAME)";
			};
			name = Release;
		};
/* End XCBuildConfiguration section */

/* Begin XCConfigurationList section */
		182EA7061E055E900095060C /* Build configuration list for PBXProject "LockDemo" */ = {
			isa = XCConfigurationList;
			buildConfigurations = (
				182EA7201E055E900095060C /* Debug */,
				182EA7211E055E900095060C /* Release */,
			);
			defaultConfigurationIsVisible = 0;
			defaultConfigurationName = Release;
		};
		182EA7221E055E900095060C /* Build configuration list for PBXNativeTarget "LockDemo" */ = {
			isa = XCConfigurationList;
			buildConfigurations = (
				182EA7231E055E900095060C /* Debug */,
				182EA7241E055E900095060C /* Release */,
			);
			defaultConfigurationIsVisible = 0;
		};
/* End XCConfigurationList section */
	};
	rootObject = 182EA7031E055E900095060C /* Project object */;
}
